// !$*UTF8*$!
{
	archiveVersion = 1;
	classes = {
	};
	objectVersion = 51;
	objects = {

/* Begin PBXBuildFile section */
		32966B524B1C32EE4F193518 /* Pods_stellar.framework in Frameworks */ = {isa = PBXBuildFile; fileRef = 20E5513D1E1E24116F5F5425 /* Pods_stellar.framework */; };
		C238DD0825669B160043EF88 /* PanGestureRecognizer+Extension.swift in Sources */ = {isa = PBXBuildFile; fileRef = C238DD0725669B160043EF88 /* PanGestureRecognizer+Extension.swift */; };
		C254992C2565581B0031D7D8 /* LocalStorageService.swift in Sources */ = {isa = PBXBuildFile; fileRef = C254992B2565581B0031D7D8 /* LocalStorageService.swift */; };
		C26EA53A255D4EAC0007871A /* Person.swift in Sources */ = {isa = PBXBuildFile; fileRef = C26EA539255D4EAC0007871A /* Person.swift */; };
		C26EA53D255D5BA20007871A /* Location.swift in Sources */ = {isa = PBXBuildFile; fileRef = C26EA53C255D5BA20007871A /* Location.swift */; };
		C26EA540255D73470007871A /* CandidateService.swift in Sources */ = {isa = PBXBuildFile; fileRef = C26EA53F255D73470007871A /* CandidateService.swift */; };
		C26EA544255D73580007871A /* CandidateTargets.swift in Sources */ = {isa = PBXBuildFile; fileRef = C26EA543255D73580007871A /* CandidateTargets.swift */; };
		C26EA547255D74360007871A /* TargetType+Extensions.swift in Sources */ = {isa = PBXBuildFile; fileRef = C26EA546255D74360007871A /* TargetType+Extensions.swift */; };
		C26EA54B255D770B0007871A /* Environment.swift in Sources */ = {isa = PBXBuildFile; fileRef = C26EA54A255D770B0007871A /* Environment.swift */; };
		C26EA55D255D7A8C0007871A /* Rx+Extension.swift in Sources */ = {isa = PBXBuildFile; fileRef = C26EA55C255D7A8C0007871A /* Rx+Extension.swift */; };
		C26EA560255D7D810007871A /* NetworkLoggerPlugin+Extension.swift in Sources */ = {isa = PBXBuildFile; fileRef = C26EA55F255D7D810007871A /* NetworkLoggerPlugin+Extension.swift */; };
		C26EA563255D7EEE0007871A /* CandidateResponse.swift in Sources */ = {isa = PBXBuildFile; fileRef = C26EA562255D7EEE0007871A /* CandidateResponse.swift */; };
		C2A50BA8255FB44800EB58AC /* HomeViewController.swift in Sources */ = {isa = PBXBuildFile; fileRef = C2A50BA7255FB44800EB58AC /* HomeViewController.swift */; };
		C2A50BAC255FB45200EB58AC /* HomeViewModel.swift in Sources */ = {isa = PBXBuildFile; fileRef = C2A50BAB255FB45200EB58AC /* HomeViewModel.swift */; };
		C2A50BAF255FB8D700EB58AC /* HomeData.swift in Sources */ = {isa = PBXBuildFile; fileRef = C2A50BAE255FB8D700EB58AC /* HomeData.swift */; };
		C2A50BB2255FBAF000EB58AC /* HomeViewController.storyboard in Resources */ = {isa = PBXBuildFile; fileRef = C2A50BB1255FBAF000EB58AC /* HomeViewController.storyboard */; };
		C2A50BB6255FBBA800EB58AC /* CardView.swift in Sources */ = {isa = PBXBuildFile; fileRef = C2A50BB5255FBBA800EB58AC /* CardView.swift */; };
		C2AF67DE256903E200C9DA6A /* StellarDefaultCodable.swift in Sources */ = {isa = PBXBuildFile; fileRef = C2AF67DD256903E200C9DA6A /* StellarDefaultCodable.swift */; };
		C2AF67E3256907F400C9DA6A /* LoadingOverlay.swift in Sources */ = {isa = PBXBuildFile; fileRef = C2AF67E2256907F400C9DA6A /* LoadingOverlay.swift */; };
		C2AF67E72569084C00C9DA6A /* LoadingView.swift in Sources */ = {isa = PBXBuildFile; fileRef = C2AF67E62569084C00C9DA6A /* LoadingView.swift */; };
		C2AF67EB2569085600C9DA6A /* LoadingView.xib in Resources */ = {isa = PBXBuildFile; fileRef = C2AF67EA2569085600C9DA6A /* LoadingView.xib */; };
		C2B41A8425612ED90087F036 /* UIView+Extension.swift in Sources */ = {isa = PBXBuildFile; fileRef = C2B41A8325612ED90087F036 /* UIView+Extension.swift */; };
		C2B41A8725612F970087F036 /* Colors.swift in Sources */ = {isa = PBXBuildFile; fileRef = C2B41A8625612F970087F036 /* Colors.swift */; };
		C2B7E5AE255AA27500DBB611 /* AppDelegate.swift in Sources */ = {isa = PBXBuildFile; fileRef = C2B7E5AD255AA27500DBB611 /* AppDelegate.swift */; };
		C2B7E5B0255AA27500DBB611 /* SceneDelegate.swift in Sources */ = {isa = PBXBuildFile; fileRef = C2B7E5AF255AA27500DBB611 /* SceneDelegate.swift */; };
		C2B7E5B2255AA27500DBB611 /* ViewController.swift in Sources */ = {isa = PBXBuildFile; fileRef = C2B7E5B1255AA27500DBB611 /* ViewController.swift */; };
		C2B7E5B7255AA27900DBB611 /* Assets.xcassets in Resources */ = {isa = PBXBuildFile; fileRef = C2B7E5B6255AA27900DBB611 /* Assets.xcassets */; };
		C2B7E5BA255AA27900DBB611 /* LaunchScreen.storyboard in Resources */ = {isa = PBXBuildFile; fileRef = C2B7E5B8255AA27900DBB611 /* LaunchScreen.storyboard */; };
		C2C141B12561244600D81DC2 /* CardView.xib in Resources */ = {isa = PBXBuildFile; fileRef = C2C141B02561244600D81DC2 /* CardView.xib */; };
		C2DDB955255BDFFD00224821 /* API.swift in Sources */ = {isa = PBXBuildFile; fileRef = C2DDB954255BDFFD00224821 /* API.swift */; };
		C2DDB959255BE11C00224821 /* RequestTimeoutPlugin.swift in Sources */ = {isa = PBXBuildFile; fileRef = C2DDB958255BE11C00224821 /* RequestTimeoutPlugin.swift */; };
		C2DDB95D255BE14900224821 /* TargetType+rawTarget.swift in Sources */ = {isa = PBXBuildFile; fileRef = C2DDB95C255BE14900224821 /* TargetType+rawTarget.swift */; };
		C2DDB960255BE19C00224821 /* DisableLocalCachePlugin.swift in Sources */ = {isa = PBXBuildFile; fileRef = C2DDB95F255BE19C00224821 /* DisableLocalCachePlugin.swift */; };
/* End PBXBuildFile section */

/* Begin PBXFileReference section */
		20E5513D1E1E24116F5F5425 /* Pods_stellar.framework */ = {isa = PBXFileReference; explicitFileType = wrapper.framework; includeInIndex = 0; path = Pods_stellar.framework; sourceTree = BUILT_PRODUCTS_DIR; };
		7A05EBD9EDE60FC06E6B3078 /* Pods-stellar.release.xcconfig */ = {isa = PBXFileReference; includeInIndex = 1; lastKnownFileType = text.xcconfig; name = "Pods-stellar.release.xcconfig"; path = "Target Support Files/Pods-stellar/Pods-stellar.release.xcconfig"; sourceTree = "<group>"; };
		C238DD0725669B160043EF88 /* PanGestureRecognizer+Extension.swift */ = {isa = PBXFileReference; lastKnownFileType = sourcecode.swift; path = "PanGestureRecognizer+Extension.swift"; sourceTree = "<group>"; };
		C254992B2565581B0031D7D8 /* LocalStorageService.swift */ = {isa = PBXFileReference; lastKnownFileType = sourcecode.swift; path = LocalStorageService.swift; sourceTree = "<group>"; };
		C26EA539255D4EAC0007871A /* Person.swift */ = {isa = PBXFileReference; lastKnownFileType = sourcecode.swift; path = Person.swift; sourceTree = "<group>"; };
		C26EA53C255D5BA20007871A /* Location.swift */ = {isa = PBXFileReference; lastKnownFileType = sourcecode.swift; path = Location.swift; sourceTree = "<group>"; };
		C26EA53F255D73470007871A /* CandidateService.swift */ = {isa = PBXFileReference; lastKnownFileType = sourcecode.swift; path = CandidateService.swift; sourceTree = "<group>"; };
		C26EA543255D73580007871A /* CandidateTargets.swift */ = {isa = PBXFileReference; lastKnownFileType = sourcecode.swift; path = CandidateTargets.swift; sourceTree = "<group>"; };
		C26EA546255D74360007871A /* TargetType+Extensions.swift */ = {isa = PBXFileReference; lastKnownFileType = sourcecode.swift; name = "TargetType+Extensions.swift"; path = "stellar/Network/TargetType+Extensions.swift"; sourceTree = SOURCE_ROOT; };
		C26EA54A255D770B0007871A /* Environment.swift */ = {isa = PBXFileReference; lastKnownFileType = sourcecode.swift; path = Environment.swift; sourceTree = "<group>"; };
		C26EA55C255D7A8C0007871A /* Rx+Extension.swift */ = {isa = PBXFileReference; lastKnownFileType = sourcecode.swift; path = "Rx+Extension.swift"; sourceTree = "<group>"; };
		C26EA55F255D7D810007871A /* NetworkLoggerPlugin+Extension.swift */ = {isa = PBXFileReference; lastKnownFileType = sourcecode.swift; path = "NetworkLoggerPlugin+Extension.swift"; sourceTree = "<group>"; };
		C26EA562255D7EEE0007871A /* CandidateResponse.swift */ = {isa = PBXFileReference; lastKnownFileType = sourcecode.swift; path = CandidateResponse.swift; sourceTree = "<group>"; };
		C2A50BA7255FB44800EB58AC /* HomeViewController.swift */ = {isa = PBXFileReference; lastKnownFileType = sourcecode.swift; path = HomeViewController.swift; sourceTree = "<group>"; };
		C2A50BAB255FB45200EB58AC /* HomeViewModel.swift */ = {isa = PBXFileReference; lastKnownFileType = sourcecode.swift; path = HomeViewModel.swift; sourceTree = "<group>"; };
		C2A50BAE255FB8D700EB58AC /* HomeData.swift */ = {isa = PBXFileReference; lastKnownFileType = sourcecode.swift; path = HomeData.swift; sourceTree = "<group>"; };
		C2A50BB1255FBAF000EB58AC /* HomeViewController.storyboard */ = {isa = PBXFileReference; lastKnownFileType = file.storyboard; path = HomeViewController.storyboard; sourceTree = "<group>"; };
		C2A50BB5255FBBA800EB58AC /* CardView.swift */ = {isa = PBXFileReference; lastKnownFileType = sourcecode.swift; path = CardView.swift; sourceTree = "<group>"; };
		C2AF67DD256903E200C9DA6A /* StellarDefaultCodable.swift */ = {isa = PBXFileReference; lastKnownFileType = sourcecode.swift; path = StellarDefaultCodable.swift; sourceTree = "<group>"; };
		C2AF67E2256907F400C9DA6A /* LoadingOverlay.swift */ = {isa = PBXFileReference; lastKnownFileType = sourcecode.swift; path = LoadingOverlay.swift; sourceTree = "<group>"; };
		C2AF67E62569084C00C9DA6A /* LoadingView.swift */ = {isa = PBXFileReference; lastKnownFileType = sourcecode.swift; path = LoadingView.swift; sourceTree = "<group>"; };
		C2AF67EA2569085600C9DA6A /* LoadingView.xib */ = {isa = PBXFileReference; lastKnownFileType = file.xib; path = LoadingView.xib; sourceTree = "<group>"; };
		C2B41A8325612ED90087F036 /* UIView+Extension.swift */ = {isa = PBXFileReference; lastKnownFileType = sourcecode.swift; path = "UIView+Extension.swift"; sourceTree = "<group>"; };
		C2B41A8625612F970087F036 /* Colors.swift */ = {isa = PBXFileReference; lastKnownFileType = sourcecode.swift; path = Colors.swift; sourceTree = "<group>"; };
		C2B7E5AA255AA27500DBB611 /* stellar.app */ = {isa = PBXFileReference; explicitFileType = wrapper.application; includeInIndex = 0; path = stellar.app; sourceTree = BUILT_PRODUCTS_DIR; };
		C2B7E5AD255AA27500DBB611 /* AppDelegate.swift */ = {isa = PBXFileReference; lastKnownFileType = sourcecode.swift; path = AppDelegate.swift; sourceTree = "<group>"; };
		C2B7E5AF255AA27500DBB611 /* SceneDelegate.swift */ = {isa = PBXFileReference; lastKnownFileType = sourcecode.swift; path = SceneDelegate.swift; sourceTree = "<group>"; };
		C2B7E5B1255AA27500DBB611 /* ViewController.swift */ = {isa = PBXFileReference; lastKnownFileType = sourcecode.swift; path = ViewController.swift; sourceTree = "<group>"; };
		C2B7E5B6255AA27900DBB611 /* Assets.xcassets */ = {isa = PBXFileReference; lastKnownFileType = folder.assetcatalog; path = Assets.xcassets; sourceTree = "<group>"; };
		C2B7E5B9255AA27900DBB611 /* Base */ = {isa = PBXFileReference; lastKnownFileType = file.storyboard; name = Base; path = Base.lproj/LaunchScreen.storyboard; sourceTree = "<group>"; };
		C2B7E5BB255AA27900DBB611 /* Info.plist */ = {isa = PBXFileReference; lastKnownFileType = text.plist.xml; path = Info.plist; sourceTree = "<group>"; };
		C2C141B02561244600D81DC2 /* CardView.xib */ = {isa = PBXFileReference; lastKnownFileType = file.xib; path = CardView.xib; sourceTree = "<group>"; };
		C2DDB954255BDFFD00224821 /* API.swift */ = {isa = PBXFileReference; lastKnownFileType = sourcecode.swift; path = API.swift; sourceTree = "<group>"; };
		C2DDB958255BE11C00224821 /* RequestTimeoutPlugin.swift */ = {isa = PBXFileReference; lastKnownFileType = sourcecode.swift; path = RequestTimeoutPlugin.swift; sourceTree = "<group>"; };
		C2DDB95C255BE14900224821 /* TargetType+rawTarget.swift */ = {isa = PBXFileReference; lastKnownFileType = sourcecode.swift; path = "TargetType+rawTarget.swift"; sourceTree = "<group>"; };
		C2DDB95F255BE19C00224821 /* DisableLocalCachePlugin.swift */ = {isa = PBXFileReference; lastKnownFileType = sourcecode.swift; path = DisableLocalCachePlugin.swift; sourceTree = "<group>"; };
		C912C53AF3FE746D5B8BECC3 /* Pods-stellar.debug.xcconfig */ = {isa = PBXFileReference; includeInIndex = 1; lastKnownFileType = text.xcconfig; name = "Pods-stellar.debug.xcconfig"; path = "Target Support Files/Pods-stellar/Pods-stellar.debug.xcconfig"; sourceTree = "<group>"; };
/* End PBXFileReference section */

/* Begin PBXFrameworksBuildPhase section */
		C2B7E5A7255AA27500DBB611 /* Frameworks */ = {
			isa = PBXFrameworksBuildPhase;
			buildActionMask = 2147483647;
			files = (
				32966B524B1C32EE4F193518 /* Pods_stellar.framework in Frameworks */,
			);
			runOnlyForDeploymentPostprocessing = 0;
		};
/* End PBXFrameworksBuildPhase section */

/* Begin PBXGroup section */
		52EC232C9F7B6516028515D8 /* Pods */ = {
			isa = PBXGroup;
			children = (
				C912C53AF3FE746D5B8BECC3 /* Pods-stellar.debug.xcconfig */,
				7A05EBD9EDE60FC06E6B3078 /* Pods-stellar.release.xcconfig */,
			);
			path = Pods;
			sourceTree = "<group>";
		};
		9646F157178A262F8A30F402 /* Frameworks */ = {
			isa = PBXGroup;
			children = (
				20E5513D1E1E24116F5F5425 /* Pods_stellar.framework */,
			);
			name = Frameworks;
			sourceTree = "<group>";
		};
		C26EA536255D4DCE0007871A /* Services */ = {
			isa = PBXGroup;
			children = (
				C26EA537255D4DD40007871A /* Candidate */,
				C26EA54A255D770B0007871A /* Environment.swift */,
				C2B41A8625612F970087F036 /* Colors.swift */,
				C254992B2565581B0031D7D8 /* LocalStorageService.swift */,
			);
			path = Services;
			sourceTree = "<group>";
		};
		C26EA537255D4DD40007871A /* Candidate */ = {
			isa = PBXGroup;
			children = (
				C26EA53F255D73470007871A /* CandidateService.swift */,
				C26EA543255D73580007871A /* CandidateTargets.swift */,
				C26EA562255D7EEE0007871A /* CandidateResponse.swift */,
			);
			path = Candidate;
			sourceTree = "<group>";
		};
		C26EA538255D4E540007871A /* Models */ = {
			isa = PBXGroup;
			children = (
				C26EA539255D4EAC0007871A /* Person.swift */,
				C26EA53C255D5BA20007871A /* Location.swift */,
				C2AF67DD256903E200C9DA6A /* StellarDefaultCodable.swift */,
			);
			path = Models;
			sourceTree = "<group>";
		};
		C2A50BA5255FB18C00EB58AC /* Scenes */ = {
			isa = PBXGroup;
			children = (
				C2A50BA6255FB1B000EB58AC /* Home */,
			);
			path = Scenes;
			sourceTree = "<group>";
		};
		C2A50BA6255FB1B000EB58AC /* Home */ = {
			isa = PBXGroup;
			children = (
				C2A50BB4255FBB9A00EB58AC /* Views */,
				C2A50BA7255FB44800EB58AC /* HomeViewController.swift */,
				C2A50BAB255FB45200EB58AC /* HomeViewModel.swift */,
				C2A50BAE255FB8D700EB58AC /* HomeData.swift */,
				C2A50BB1255FBAF000EB58AC /* HomeViewController.storyboard */,
			);
			path = Home;
			sourceTree = "<group>";
		};
		C2A50BB4255FBB9A00EB58AC /* Views */ = {
			isa = PBXGroup;
			children = (
				C2A50BB5255FBBA800EB58AC /* CardView.swift */,
				C2C141B02561244600D81DC2 /* CardView.xib */,
			);
			path = Views;
			sourceTree = "<group>";
		};
		C2AF67E0256907D900C9DA6A /* Supports */ = {
			isa = PBXGroup;
			children = (
				C2AF67E1256907E200C9DA6A /* LoadingOverlay */,
			);
			path = Supports;
			sourceTree = "<group>";
		};
		C2AF67E1256907E200C9DA6A /* LoadingOverlay */ = {
			isa = PBXGroup;
			children = (
				C2AF67E52569083700C9DA6A /* LoadingView */,
				C2AF67E2256907F400C9DA6A /* LoadingOverlay.swift */,
			);
			path = LoadingOverlay;
			sourceTree = "<group>";
		};
		C2AF67E52569083700C9DA6A /* LoadingView */ = {
			isa = PBXGroup;
			children = (
				C2AF67E62569084C00C9DA6A /* LoadingView.swift */,
				C2AF67EA2569085600C9DA6A /* LoadingView.xib */,
			);
			path = LoadingView;
			sourceTree = "<group>";
		};
		C2B7E5A1255AA27500DBB611 = {
			isa = PBXGroup;
			children = (
				C2B7E5AC255AA27500DBB611 /* stellar */,
				C2B7E5AB255AA27500DBB611 /* Products */,
				52EC232C9F7B6516028515D8 /* Pods */,
				9646F157178A262F8A30F402 /* Frameworks */,
			);
			sourceTree = "<group>";
		};
		C2B7E5AB255AA27500DBB611 /* Products */ = {
			isa = PBXGroup;
			children = (
				C2B7E5AA255AA27500DBB611 /* stellar.app */,
			);
			name = Products;
			sourceTree = "<group>";
		};
		C2B7E5AC255AA27500DBB611 /* stellar */ = {
			isa = PBXGroup;
			children = (
				C2AF67E0256907D900C9DA6A /* Supports */,
				C2A50BA5255FB18C00EB58AC /* Scenes */,
				C26EA538255D4E540007871A /* Models */,
				C26EA536255D4DCE0007871A /* Services */,
				C2DDB913255BD51D00224821 /* Extension */,
				C2DDB912255BD51800224821 /* Network */,
				C2B7E5AD255AA27500DBB611 /* AppDelegate.swift */,
				C2B7E5AF255AA27500DBB611 /* SceneDelegate.swift */,
				C2B7E5B1255AA27500DBB611 /* ViewController.swift */,
				C2B7E5B6255AA27900DBB611 /* Assets.xcassets */,
				C2B7E5B8255AA27900DBB611 /* LaunchScreen.storyboard */,
				C2B7E5BB255AA27900DBB611 /* Info.plist */,
			);
			path = stellar;
			sourceTree = "<group>";
		};
		C2DDB912255BD51800224821 /* Network */ = {
			isa = PBXGroup;
			children = (
				C26EA546255D74360007871A /* TargetType+Extensions.swift */,
				C2DDB957255BE10A00224821 /* Plugins */,
				C2DDB954255BDFFD00224821 /* API.swift */,
				C2DDB95C255BE14900224821 /* TargetType+rawTarget.swift */,
			);
			path = Network;
			sourceTree = "<group>";
		};
		C2DDB913255BD51D00224821 /* Extension */ = {
			isa = PBXGroup;
			children = (
				C26EA55C255D7A8C0007871A /* Rx+Extension.swift */,
				C26EA55F255D7D810007871A /* NetworkLoggerPlugin+Extension.swift */,
				C2B41A8325612ED90087F036 /* UIView+Extension.swift */,
				C238DD0725669B160043EF88 /* PanGestureRecognizer+Extension.swift */,
			);
			path = Extension;
			sourceTree = "<group>";
		};
		C2DDB957255BE10A00224821 /* Plugins */ = {
			isa = PBXGroup;
			children = (
				C2DDB958255BE11C00224821 /* RequestTimeoutPlugin.swift */,
				C2DDB95F255BE19C00224821 /* DisableLocalCachePlugin.swift */,
			);
			path = Plugins;
			sourceTree = "<group>";
		};
/* End PBXGroup section */

/* Begin PBXNativeTarget section */
		C2B7E5A9255AA27500DBB611 /* stellar */ = {
			isa = PBXNativeTarget;
			buildConfigurationList = C2B7E5BE255AA27900DBB611 /* Build configuration list for PBXNativeTarget "stellar" */;
			buildPhases = (
				20B5E171C410CB9BBC05B3E5 /* [CP] Check Pods Manifest.lock */,
				C2B7E5A6255AA27500DBB611 /* Sources */,
				C2B7E5A7255AA27500DBB611 /* Frameworks */,
				C2B7E5A8255AA27500DBB611 /* Resources */,
				20E83C2D858F39F12552352B /* [CP] Embed Pods Frameworks */,
			);
			buildRules = (
			);
			dependencies = (
			);
			name = stellar;
			productName = stellar;
			productReference = C2B7E5AA255AA27500DBB611 /* stellar.app */;
			productType = "com.apple.product-type.application";
		};
/* End PBXNativeTarget section */

/* Begin PBXProject section */
		C2B7E5A2255AA27500DBB611 /* Project object */ = {
			isa = PBXProject;
			attributes = {
				LastSwiftUpdateCheck = 1200;
				LastUpgradeCheck = 1200;
				TargetAttributes = {
					C2B7E5A9255AA27500DBB611 = {
						CreatedOnToolsVersion = 12.0.1;
					};
				};
			};
			buildConfigurationList = C2B7E5A5255AA27500DBB611 /* Build configuration list for PBXProject "stellar" */;
			compatibilityVersion = "Xcode 9.3";
			developmentRegion = en;
			hasScannedForEncodings = 0;
			knownRegions = (
				en,
				Base,
			);
			mainGroup = C2B7E5A1255AA27500DBB611;
			productRefGroup = C2B7E5AB255AA27500DBB611 /* Products */;
			projectDirPath = "";
			projectRoot = "";
			targets = (
				C2B7E5A9255AA27500DBB611 /* stellar */,
			);
		};
/* End PBXProject section */

/* Begin PBXResourcesBuildPhase section */
		C2B7E5A8255AA27500DBB611 /* Resources */ = {
			isa = PBXResourcesBuildPhase;
			buildActionMask = 2147483647;
			files = (
				C2A50BB2255FBAF000EB58AC /* HomeViewController.storyboard in Resources */,
				C2B7E5BA255AA27900DBB611 /* LaunchScreen.storyboard in Resources */,
				C2C141B12561244600D81DC2 /* CardView.xib in Resources */,
				C2AF67EB2569085600C9DA6A /* LoadingView.xib in Resources */,
				C2B7E5B7255AA27900DBB611 /* Assets.xcassets in Resources */,
			);
			runOnlyForDeploymentPostprocessing = 0;
		};
/* End PBXResourcesBuildPhase section */

/* Begin PBXShellScriptBuildPhase section */
		20B5E171C410CB9BBC05B3E5 /* [CP] Check Pods Manifest.lock */ = {
			isa = PBXShellScriptBuildPhase;
			buildActionMask = 2147483647;
			files = (
			);
			inputFileListPaths = (
			);
			inputPaths = (
				"${PODS_PODFILE_DIR_PATH}/Podfile.lock",
				"${PODS_ROOT}/Manifest.lock",
			);
			name = "[CP] Check Pods Manifest.lock";
			outputFileListPaths = (
			);
			outputPaths = (
				"$(DERIVED_FILE_DIR)/Pods-stellar-checkManifestLockResult.txt",
			);
			runOnlyForDeploymentPostprocessing = 0;
			shellPath = /bin/sh;
			shellScript = "diff \"${PODS_PODFILE_DIR_PATH}/Podfile.lock\" \"${PODS_ROOT}/Manifest.lock\" > /dev/null\nif [ $? != 0 ] ; then\n    # print error to STDERR\n    echo \"error: The sandbox is not in sync with the Podfile.lock. Run 'pod install' or update your CocoaPods installation.\" >&2\n    exit 1\nfi\n# This output is used by Xcode 'outputs' to avoid re-running this script phase.\necho \"SUCCESS\" > \"${SCRIPT_OUTPUT_FILE_0}\"\n";
			showEnvVarsInLog = 0;
		};
		20E83C2D858F39F12552352B /* [CP] Embed Pods Frameworks */ = {
			isa = PBXShellScriptBuildPhase;
			buildActionMask = 2147483647;
			files = (
			);
			inputFileListPaths = (
				"${PODS_ROOT}/Target Support Files/Pods-stellar/Pods-stellar-frameworks-${CONFIGURATION}-input-files.xcfilelist",
			);
			name = "[CP] Embed Pods Frameworks";
			outputFileListPaths = (
				"${PODS_ROOT}/Target Support Files/Pods-stellar/Pods-stellar-frameworks-${CONFIGURATION}-output-files.xcfilelist",
			);
			runOnlyForDeploymentPostprocessing = 0;
			shellPath = /bin/sh;
			shellScript = "\"${PODS_ROOT}/Target Support Files/Pods-stellar/Pods-stellar-frameworks.sh\"\n";
			showEnvVarsInLog = 0;
		};
/* End PBXShellScriptBuildPhase section */

/* Begin PBXSourcesBuildPhase section */
		C2B7E5A6255AA27500DBB611 /* Sources */ = {
			isa = PBXSourcesBuildPhase;
			buildActionMask = 2147483647;
			files = (
				C2AF67DE256903E200C9DA6A /* StellarDefaultCodable.swift in Sources */,
				C2B7E5B2255AA27500DBB611 /* ViewController.swift in Sources */,
				C254992C2565581B0031D7D8 /* LocalStorageService.swift in Sources */,
				C2A50BAC255FB45200EB58AC /* HomeViewModel.swift in Sources */,
				C26EA540255D73470007871A /* CandidateService.swift in Sources */,
				C26EA544255D73580007871A /* CandidateTargets.swift in Sources */,
				C2A50BA8255FB44800EB58AC /* HomeViewController.swift in Sources */,
				C26EA55D255D7A8C0007871A /* Rx+Extension.swift in Sources */,
				C2AF67E72569084C00C9DA6A /* LoadingView.swift in Sources */,
				C2DDB95D255BE14900224821 /* TargetType+rawTarget.swift in Sources */,
				C26EA560255D7D810007871A /* NetworkLoggerPlugin+Extension.swift in Sources */,
				C2DDB959255BE11C00224821 /* RequestTimeoutPlugin.swift in Sources */,
				C2B7E5AE255AA27500DBB611 /* AppDelegate.swift in Sources */,
				C26EA547255D74360007871A /* TargetType+Extensions.swift in Sources */,
				C26EA53D255D5BA20007871A /* Location.swift in Sources */,
				C238DD0825669B160043EF88 /* PanGestureRecognizer+Extension.swift in Sources */,
				C26EA54B255D770B0007871A /* Environment.swift in Sources */,
				C2B41A8725612F970087F036 /* Colors.swift in Sources */,
				C2AF67E3256907F400C9DA6A /* LoadingOverlay.swift in Sources */,
				C2B7E5B0255AA27500DBB611 /* SceneDelegate.swift in Sources */,
				C2A50BB6255FBBA800EB58AC /* CardView.swift in Sources */,
				C2B41A8425612ED90087F036 /* UIView+Extension.swift in Sources */,
				C2DDB955255BDFFD00224821 /* API.swift in Sources */,
				C26EA53A255D4EAC0007871A /* Person.swift in Sources */,
				C26EA563255D7EEE0007871A /* CandidateResponse.swift in Sources */,
				C2DDB960255BE19C00224821 /* DisableLocalCachePlugin.swift in Sources */,
				C2A50BAF255FB8D700EB58AC /* HomeData.swift in Sources */,
			);
			runOnlyForDeploymentPostprocessing = 0;
		};
/* End PBXSourcesBuildPhase section */

/* Begin PBXVariantGroup section */
		C2B7E5B8255AA27900DBB611 /* LaunchScreen.storyboard */ = {
			isa = PBXVariantGroup;
			children = (
				C2B7E5B9255AA27900DBB611 /* Base */,
			);
			name = LaunchScreen.storyboard;
			sourceTree = "<group>";
		};
/* End PBXVariantGroup section */

/* Begin XCBuildConfiguration section */
		C2B7E5BC255AA27900DBB611 /* Debug */ = {
			isa = XCBuildConfiguration;
			buildSettings = {
				ALWAYS_SEARCH_USER_PATHS = NO;
				CLANG_ANALYZER_NONNULL = YES;
				CLANG_ANALYZER_NUMBER_OBJECT_CONVERSION = YES_AGGRESSIVE;
				CLANG_CXX_LANGUAGE_STANDARD = "gnu++14";
				CLANG_CXX_LIBRARY = "libc++";
				CLANG_ENABLE_MODULES = YES;
				CLANG_ENABLE_OBJC_ARC = YES;
				CLANG_ENABLE_OBJC_WEAK = YES;
				CLANG_WARN_BLOCK_CAPTURE_AUTORELEASING = YES;
				CLANG_WARN_BOOL_CONVERSION = YES;
				CLANG_WARN_COMMA = YES;
				CLANG_WARN_CONSTANT_CONVERSION = YES;
				CLANG_WARN_DEPRECATED_OBJC_IMPLEMENTATIONS = YES;
				CLANG_WARN_DIRECT_OBJC_ISA_USAGE = YES_ERROR;
				CLANG_WARN_DOCUMENTATION_COMMENTS = YES;
				CLANG_WARN_EMPTY_BODY = YES;
				CLANG_WARN_ENUM_CONVERSION = YES;
				CLANG_WARN_INFINITE_RECURSION = YES;
				CLANG_WARN_INT_CONVERSION = YES;
				CLANG_WARN_NON_LITERAL_NULL_CONVERSION = YES;
				CLANG_WARN_OBJC_IMPLICIT_RETAIN_SELF = YES;
				CLANG_WARN_OBJC_LITERAL_CONVERSION = YES;
				CLANG_WARN_OBJC_ROOT_CLASS = YES_ERROR;
				CLANG_WARN_QUOTED_INCLUDE_IN_FRAMEWORK_HEADER = YES;
				CLANG_WARN_RANGE_LOOP_ANALYSIS = YES;
				CLANG_WARN_STRICT_PROTOTYPES = YES;
				CLANG_WARN_SUSPICIOUS_MOVE = YES;
				CLANG_WARN_UNGUARDED_AVAILABILITY = YES_AGGRESSIVE;
				CLANG_WARN_UNREACHABLE_CODE = YES;
				CLANG_WARN__DUPLICATE_METHOD_MATCH = YES;
				COPY_PHASE_STRIP = NO;
				DEBUG_INFORMATION_FORMAT = dwarf;
				ENABLE_STRICT_OBJC_MSGSEND = YES;
				ENABLE_TESTABILITY = YES;
				GCC_C_LANGUAGE_STANDARD = gnu11;
				GCC_DYNAMIC_NO_PIC = NO;
				GCC_NO_COMMON_BLOCKS = YES;
				GCC_OPTIMIZATION_LEVEL = 0;
				GCC_PREPROCESSOR_DEFINITIONS = (
					"DEBUG=1",
					"$(inherited)",
				);
				GCC_WARN_64_TO_32_BIT_CONVERSION = YES;
				GCC_WARN_ABOUT_RETURN_TYPE = YES_ERROR;
				GCC_WARN_UNDECLARED_SELECTOR = YES;
				GCC_WARN_UNINITIALIZED_AUTOS = YES_AGGRESSIVE;
				GCC_WARN_UNUSED_FUNCTION = YES;
				GCC_WARN_UNUSED_VARIABLE = YES;
				IPHONEOS_DEPLOYMENT_TARGET = 14.0;
				MTL_ENABLE_DEBUG_INFO = INCLUDE_SOURCE;
				MTL_FAST_MATH = YES;
				ONLY_ACTIVE_ARCH = YES;
				SDKROOT = iphoneos;
				SWIFT_ACTIVE_COMPILATION_CONDITIONS = DEBUG;
				SWIFT_OPTIMIZATION_LEVEL = "-Onone";
			};
			name = Debug;
		};
		C2B7E5BD255AA27900DBB611 /* Release */ = {
			isa = XCBuildConfiguration;
			buildSettings = {
				ALWAYS_SEARCH_USER_PATHS = NO;
				CLANG_ANALYZER_NONNULL = YES;
				CLANG_ANALYZER_NUMBER_OBJECT_CONVERSION = YES_AGGRESSIVE;
				CLANG_CXX_LANGUAGE_STANDARD = "gnu++14";
				CLANG_CXX_LIBRARY = "libc++";
				CLANG_ENABLE_MODULES = YES;
				CLANG_ENABLE_OBJC_ARC = YES;
				CLANG_ENABLE_OBJC_WEAK = YES;
				CLANG_WARN_BLOCK_CAPTURE_AUTORELEASING = YES;
				CLANG_WARN_BOOL_CONVERSION = YES;
				CLANG_WARN_COMMA = YES;
				CLANG_WARN_CONSTANT_CONVERSION = YES;
				CLANG_WARN_DEPRECATED_OBJC_IMPLEMENTATIONS = YES;
				CLANG_WARN_DIRECT_OBJC_ISA_USAGE = YES_ERROR;
				CLANG_WARN_DOCUMENTATION_COMMENTS = YES;
				CLANG_WARN_EMPTY_BODY = YES;
				CLANG_WARN_ENUM_CONVERSION = YES;
				CLANG_WARN_INFINITE_RECURSION = YES;
				CLANG_WARN_INT_CONVERSION = YES;
				CLANG_WARN_NON_LITERAL_NULL_CONVERSION = YES;
				CLANG_WARN_OBJC_IMPLICIT_RETAIN_SELF = YES;
				CLANG_WARN_OBJC_LITERAL_CONVERSION = YES;
				CLANG_WARN_OBJC_ROOT_CLASS = YES_ERROR;
				CLANG_WARN_QUOTED_INCLUDE_IN_FRAMEWORK_HEADER = YES;
				CLANG_WARN_RANGE_LOOP_ANALYSIS = YES;
				CLANG_WARN_STRICT_PROTOTYPES = YES;
				CLANG_WARN_SUSPICIOUS_MOVE = YES;
				CLANG_WARN_UNGUARDED_AVAILABILITY = YES_AGGRESSIVE;
				CLANG_WARN_UNREACHABLE_CODE = YES;
				CLANG_WARN__DUPLICATE_METHOD_MATCH = YES;
				COPY_PHASE_STRIP = NO;
				DEBUG_INFORMATION_FORMAT = "dwarf-with-dsym";
				ENABLE_NS_ASSERTIONS = NO;
				ENABLE_STRICT_OBJC_MSGSEND = YES;
				GCC_C_LANGUAGE_STANDARD = gnu11;
				GCC_NO_COMMON_BLOCKS = YES;
				GCC_WARN_64_TO_32_BIT_CONVERSION = YES;
				GCC_WARN_ABOUT_RETURN_TYPE = YES_ERROR;
				GCC_WARN_UNDECLARED_SELECTOR = YES;
				GCC_WARN_UNINITIALIZED_AUTOS = YES_AGGRESSIVE;
				GCC_WARN_UNUSED_FUNCTION = YES;
				GCC_WARN_UNUSED_VARIABLE = YES;
				IPHONEOS_DEPLOYMENT_TARGET = 14.0;
				MTL_ENABLE_DEBUG_INFO = NO;
				MTL_FAST_MATH = YES;
				SDKROOT = iphoneos;
				SWIFT_COMPILATION_MODE = wholemodule;
				SWIFT_OPTIMIZATION_LEVEL = "-O";
				VALIDATE_PRODUCT = YES;
			};
			name = Release;
		};
		C2B7E5BF255AA27900DBB611 /* Debug */ = {
			isa = XCBuildConfiguration;
			baseConfigurationReference = C912C53AF3FE746D5B8BECC3 /* Pods-stellar.debug.xcconfig */;
			buildSettings = {
				ASSETCATALOG_COMPILER_APPICON_NAME = AppIcon;
				ASSETCATALOG_COMPILER_GLOBAL_ACCENT_COLOR_NAME = AccentColor;
				CODE_SIGN_STYLE = Automatic;
				DEVELOPMENT_TEAM = 6999CF9WMN;
				INFOPLIST_FILE = stellar/Info.plist;
				LD_RUNPATH_SEARCH_PATHS = (
					"$(inherited)",
					"@executable_path/Frameworks",
				);
				PRODUCT_BUNDLE_IDENTIFIER = com.quan.stellar;
				PRODUCT_NAME = "$(TARGET_NAME)";
				SWIFT_VERSION = 5.0;
				TARGETED_DEVICE_FAMILY = "1,2";
			};
			name = Debug;
		};
		C2B7E5C0255AA27900DBB611 /* Release */ = {
			isa = XCBuildConfiguration;
			baseConfigurationReference = 7A05EBD9EDE60FC06E6B3078 /* Pods-stellar.release.xcconfig */;
			buildSettings = {
				ASSETCATALOG_COMPILER_APPICON_NAME = AppIcon;
				ASSETCATALOG_COMPILER_GLOBAL_ACCENT_COLOR_NAME = AccentColor;
				CODE_SIGN_STYLE = Automatic;
				DEVELOPMENT_TEAM = 6999CF9WMN;
				INFOPLIST_FILE = stellar/Info.plist;
				LD_RUNPATH_SEARCH_PATHS = (
					"$(inherited)",
					"@executable_path/Frameworks",
				);
				PRODUCT_BUNDLE_IDENTIFIER = com.quan.stellar;
				PRODUCT_NAME = "$(TARGET_NAME)";
				SWIFT_VERSION = 5.0;
				TARGETED_DEVICE_FAMILY = "1,2";
			};
			name = Release;
		};
/* End XCBuildConfiguration section */

/* Begin XCConfigurationList section */
		C2B7E5A5255AA27500DBB611 /* Build configuration list for PBXProject "stellar" */ = {
			isa = XCConfigurationList;
			buildConfigurations = (
				C2B7E5BC255AA27900DBB611 /* Debug */,
				C2B7E5BD255AA27900DBB611 /* Release */,
			);
			defaultConfigurationIsVisible = 0;
			defaultConfigurationName = Release;
		};
		C2B7E5BE255AA27900DBB611 /* Build configuration list for PBXNativeTarget "stellar" */ = {
			isa = XCConfigurationList;
			buildConfigurations = (
				C2B7E5BF255AA27900DBB611 /* Debug */,
				C2B7E5C0255AA27900DBB611 /* Release */,
			);
			defaultConfigurationIsVisible = 0;
			defaultConfigurationName = Release;
		};
/* End XCConfigurationList section */
	};
	rootObject = C2B7E5A2255AA27500DBB611 /* Project object */;
}
